// !$*UTF8*$!
{
	archiveVersion = 1;
	classes = {
	};
	objectVersion = 50;
	objects = {

/* Begin PBXBuildFile section */
		C531355122AF325E005886DA /* DailyWeather.swift in Sources */ = {isa = PBXBuildFile; fileRef = C531355022AF325E005886DA /* DailyWeather.swift */; };
		C531355322AF34CD005886DA /* DailyWeatherViewModel.swift in Sources */ = {isa = PBXBuildFile; fileRef = C531355222AF34CD005886DA /* DailyWeatherViewModel.swift */; };
		C5768B6822AF29C0001DC01D /* AppDelegate.swift in Sources */ = {isa = PBXBuildFile; fileRef = C5768B6722AF29C0001DC01D /* AppDelegate.swift */; };
		C5768B6A22AF29C0001DC01D /* SceneDelegate.swift in Sources */ = {isa = PBXBuildFile; fileRef = C5768B6922AF29C0001DC01D /* SceneDelegate.swift */; };
		C5768B6C22AF29C0001DC01D /* ContentView.swift in Sources */ = {isa = PBXBuildFile; fileRef = C5768B6B22AF29C0001DC01D /* ContentView.swift */; };
		C5768B6E22AF29C0001DC01D /* Assets.xcassets in Resources */ = {isa = PBXBuildFile; fileRef = C5768B6D22AF29C0001DC01D /* Assets.xcassets */; };
		C5768B7122AF29C0001DC01D /* Preview Assets.xcassets in Resources */ = {isa = PBXBuildFile; fileRef = C5768B7022AF29C0001DC01D /* Preview Assets.xcassets */; };
		C5768B7422AF29C0001DC01D /* LaunchScreen.storyboard in Resources */ = {isa = PBXBuildFile; fileRef = C5768B7222AF29C0001DC01D /* LaunchScreen.storyboard */; };
		C5768B8122AF2A1D001DC01D /* DarkSkyAPIClient.swift in Sources */ = {isa = PBXBuildFile; fileRef = C5768B7B22AF2A1D001DC01D /* DarkSkyAPIClient.swift */; };
		C5768B8222AF2A1D001DC01D /* Coordinate.swift in Sources */ = {isa = PBXBuildFile; fileRef = C5768B7C22AF2A1D001DC01D /* Coordinate.swift */; };
		C5768B8322AF2A1D001DC01D /* CurrentWeatherViewModel.swift in Sources */ = {isa = PBXBuildFile; fileRef = C5768B7D22AF2A1D001DC01D /* CurrentWeatherViewModel.swift */; };
		C5768B8422AF2A1D001DC01D /* CurrentWeather.swift in Sources */ = {isa = PBXBuildFile; fileRef = C5768B7E22AF2A1D001DC01D /* CurrentWeather.swift */; };
		C5768B8522AF2A1D001DC01D /* DarkSkyError.swift in Sources */ = {isa = PBXBuildFile; fileRef = C5768B7F22AF2A1D001DC01D /* DarkSkyError.swift */; };
		C5768B8622AF2A1D001DC01D /* Weather.swift in Sources */ = {isa = PBXBuildFile; fileRef = C5768B8022AF2A1D001DC01D /* Weather.swift */; };
/* End PBXBuildFile section */

/* Begin PBXFileReference section */
		C531355022AF325E005886DA /* DailyWeather.swift */ = {isa = PBXFileReference; lastKnownFileType = sourcecode.swift; path = DailyWeather.swift; sourceTree = "<group>"; };
		C531355222AF34CD005886DA /* DailyWeatherViewModel.swift */ = {isa = PBXFileReference; lastKnownFileType = sourcecode.swift; path = DailyWeatherViewModel.swift; sourceTree = "<group>"; };
		C5768B6422AF29C0001DC01D /* Weather.app */ = {isa = PBXFileReference; explicitFileType = wrapper.application; includeInIndex = 0; path = Weather.app; sourceTree = BUILT_PRODUCTS_DIR; };
		C5768B6722AF29C0001DC01D /* AppDelegate.swift */ = {isa = PBXFileReference; lastKnownFileType = sourcecode.swift; path = AppDelegate.swift; sourceTree = "<group>"; };
		C5768B6922AF29C0001DC01D /* SceneDelegate.swift */ = {isa = PBXFileReference; lastKnownFileType = sourcecode.swift; path = SceneDelegate.swift; sourceTree = "<group>"; };
		C5768B6B22AF29C0001DC01D /* ContentView.swift */ = {isa = PBXFileReference; lastKnownFileType = sourcecode.swift; path = ContentView.swift; sourceTree = "<group>"; };
		C5768B6D22AF29C0001DC01D /* Assets.xcassets */ = {isa = PBXFileReference; lastKnownFileType = folder.assetcatalog; path = Assets.xcassets; sourceTree = "<group>"; };
		C5768B7022AF29C0001DC01D /* Preview Assets.xcassets */ = {isa = PBXFileReference; lastKnownFileType = folder.assetcatalog; path = "Preview Assets.xcassets"; sourceTree = "<group>"; };
		C5768B7322AF29C0001DC01D /* Base */ = {isa = PBXFileReference; lastKnownFileType = file.storyboard; name = Base; path = Base.lproj/LaunchScreen.storyboard; sourceTree = "<group>"; };
		C5768B7522AF29C0001DC01D /* Info.plist */ = {isa = PBXFileReference; lastKnownFileType = text.plist.xml; path = Info.plist; sourceTree = "<group>"; };
		C5768B7B22AF2A1D001DC01D /* DarkSkyAPIClient.swift */ = {isa = PBXFileReference; fileEncoding = 4; lastKnownFileType = sourcecode.swift; path = DarkSkyAPIClient.swift; sourceTree = "<group>"; };
		C5768B7C22AF2A1D001DC01D /* Coordinate.swift */ = {isa = PBXFileReference; fileEncoding = 4; lastKnownFileType = sourcecode.swift; path = Coordinate.swift; sourceTree = "<group>"; };
		C5768B7D22AF2A1D001DC01D /* CurrentWeatherViewModel.swift */ = {isa = PBXFileReference; fileEncoding = 4; lastKnownFileType = sourcecode.swift; path = CurrentWeatherViewModel.swift; sourceTree = "<group>"; };
		C5768B7E22AF2A1D001DC01D /* CurrentWeather.swift */ = {isa = PBXFileReference; fileEncoding = 4; lastKnownFileType = sourcecode.swift; path = CurrentWeather.swift; sourceTree = "<group>"; };
		C5768B7F22AF2A1D001DC01D /* DarkSkyError.swift */ = {isa = PBXFileReference; fileEncoding = 4; lastKnownFileType = sourcecode.swift; path = DarkSkyError.swift; sourceTree = "<group>"; };
		C5768B8022AF2A1D001DC01D /* Weather.swift */ = {isa = PBXFileReference; fileEncoding = 4; lastKnownFileType = sourcecode.swift; path = Weather.swift; sourceTree = "<group>"; };
/* End PBXFileReference section */

/* Begin PBXFrameworksBuildPhase section */
		C5768B6122AF29C0001DC01D /* Frameworks */ = {
			isa = PBXFrameworksBuildPhase;
			buildActionMask = 2147483647;
			files = (
			);
			runOnlyForDeploymentPostprocessing = 0;
		};
/* End PBXFrameworksBuildPhase section */

/* Begin PBXGroup section */
		C53A3F5E22AF2CA400D61DA3 /* Model */ = {
			isa = PBXGroup;
			children = (
				C5768B8022AF2A1D001DC01D /* Weather.swift */,
				C5768B7E22AF2A1D001DC01D /* CurrentWeather.swift */,
				C531355022AF325E005886DA /* DailyWeather.swift */,
				C5768B7C22AF2A1D001DC01D /* Coordinate.swift */,
			);
			path = Model;
			sourceTree = "<group>";
		};
		C53A3F5F22AF2CB200D61DA3 /* View */ = {
			isa = PBXGroup;
			children = (
				C5768B6B22AF29C0001DC01D /* ContentView.swift */,
			);
			path = View;
			sourceTree = "<group>";
		};
		C53A3F6022AF2CBD00D61DA3 /* View Model */ = {
			isa = PBXGroup;
			children = (
				C5768B7D22AF2A1D001DC01D /* CurrentWeatherViewModel.swift */,
				C531355222AF34CD005886DA /* DailyWeatherViewModel.swift */,
			);
			path = "View Model";
			sourceTree = "<group>";
		};
		C53A3F6122AF2CC700D61DA3 /* Networking */ = {
			isa = PBXGroup;
			children = (
				C5768B7B22AF2A1D001DC01D /* DarkSkyAPIClient.swift */,
				C5768B7F22AF2A1D001DC01D /* DarkSkyError.swift */,
			);
			path = Networking;
			sourceTree = "<group>";
		};
		C5768B5B22AF29C0001DC01D = {
			isa = PBXGroup;
			children = (
				C5768B6622AF29C0001DC01D /* Weather */,
				C5768B6522AF29C0001DC01D /* Products */,
			);
			sourceTree = "<group>";
		};
		C5768B6522AF29C0001DC01D /* Products */ = {
			isa = PBXGroup;
			children = (
				C5768B6422AF29C0001DC01D /* Weather.app */,
			);
			name = Products;
			sourceTree = "<group>";
		};
		C5768B6622AF29C0001DC01D /* Weather */ = {
			isa = PBXGroup;
			children = (
				C5768B6722AF29C0001DC01D /* AppDelegate.swift */,
				C5768B6922AF29C0001DC01D /* SceneDelegate.swift */,
				C53A3F5F22AF2CB200D61DA3 /* View */,
				C53A3F6122AF2CC700D61DA3 /* Networking */,
				C53A3F6022AF2CBD00D61DA3 /* View Model */,
				C53A3F5E22AF2CA400D61DA3 /* Model */,
				C5768B6D22AF29C0001DC01D /* Assets.xcassets */,
				C5768B7222AF29C0001DC01D /* LaunchScreen.storyboard */,
				C5768B7522AF29C0001DC01D /* Info.plist */,
				C5768B6F22AF29C0001DC01D /* Preview Content */,
			);
			path = Weather;
			sourceTree = "<group>";
		};
		C5768B6F22AF29C0001DC01D /* Preview Content */ = {
			isa = PBXGroup;
			children = (
				C5768B7022AF29C0001DC01D /* Preview Assets.xcassets */,
			);
			path = "Preview Content";
			sourceTree = "<group>";
		};
/* End PBXGroup section */

/* Begin PBXNativeTarget section */
		C5768B6322AF29C0001DC01D /* Weather */ = {
			isa = PBXNativeTarget;
			buildConfigurationList = C5768B7822AF29C0001DC01D /* Build configuration list for PBXNativeTarget "Weather" */;
			buildPhases = (
				C5768B6022AF29C0001DC01D /* Sources */,
				C5768B6122AF29C0001DC01D /* Frameworks */,
				C5768B6222AF29C0001DC01D /* Resources */,
			);
			buildRules = (
			);
			dependencies = (
			);
			name = Weather;
			productName = Weather;
			productReference = C5768B6422AF29C0001DC01D /* Weather.app */;
			productType = "com.apple.product-type.application";
		};
/* End PBXNativeTarget section */

/* Begin PBXProject section */
		C5768B5C22AF29C0001DC01D /* Project object */ = {
			isa = PBXProject;
			attributes = {
				LastSwiftUpdateCheck = 1100;
				LastUpgradeCheck = 1100;
				ORGANIZATIONNAME = "Bobby Conti";
				TargetAttributes = {
					C5768B6322AF29C0001DC01D = {
						CreatedOnToolsVersion = 11.0;
					};
				};
			};
			buildConfigurationList = C5768B5F22AF29C0001DC01D /* Build configuration list for PBXProject "Weather" */;
			compatibilityVersion = "Xcode 9.3";
			developmentRegion = en;
			hasScannedForEncodings = 0;
			knownRegions = (
				en,
				Base,
			);
			mainGroup = C5768B5B22AF29C0001DC01D;
			productRefGroup = C5768B6522AF29C0001DC01D /* Products */;
			projectDirPath = "";
			projectRoot = "";
			targets = (
				C5768B6322AF29C0001DC01D /* Weather */,
			);
		};
/* End PBXProject section */

/* Begin PBXResourcesBuildPhase section */
		C5768B6222AF29C0001DC01D /* Resources */ = {
			isa = PBXResourcesBuildPhase;
			buildActionMask = 2147483647;
			files = (
				C5768B7422AF29C0001DC01D /* LaunchScreen.storyboard in Resources */,
				C5768B7122AF29C0001DC01D /* Preview Assets.xcassets in Resources */,
				C5768B6E22AF29C0001DC01D /* Assets.xcassets in Resources */,
			);
			runOnlyForDeploymentPostprocessing = 0;
		};
/* End PBXResourcesBuildPhase section */

/* Begin PBXSourcesBuildPhase section */
		C5768B6022AF29C0001DC01D /* Sources */ = {
			isa = PBXSourcesBuildPhase;
			buildActionMask = 2147483647;
			files = (
				C531355122AF325E005886DA /* DailyWeather.swift in Sources */,
				C5768B8522AF2A1D001DC01D /* DarkSkyError.swift in Sources */,
				C5768B6822AF29C0001DC01D /* AppDelegate.swift in Sources */,
				C5768B6A22AF29C0001DC01D /* SceneDelegate.swift in Sources */,
				C5768B6C22AF29C0001DC01D /* ContentView.swift in Sources */,
				C5768B8622AF2A1D001DC01D /* Weather.swift in Sources */,
				C5768B8422AF2A1D001DC01D /* CurrentWeather.swift in Sources */,
				C5768B8122AF2A1D001DC01D /* DarkSkyAPIClient.swift in Sources */,
				C5768B8222AF2A1D001DC01D /* Coordinate.swift in Sources */,
				C531355322AF34CD005886DA /* DailyWeatherViewModel.swift in Sources */,
				C5768B8322AF2A1D001DC01D /* CurrentWeatherViewModel.swift in Sources */,
			);
			runOnlyForDeploymentPostprocessing = 0;
		};
/* End PBXSourcesBuildPhase section */

/* Begin PBXVariantGroup section */
		C5768B7222AF29C0001DC01D /* LaunchScreen.storyboard */ = {
			isa = PBXVariantGroup;
			children = (
				C5768B7322AF29C0001DC01D /* Base */,
			);
			name = LaunchScreen.storyboard;
			sourceTree = "<group>";
		};
/* End PBXVariantGroup section */

/* Begin XCBuildConfiguration section */
		C5768B7622AF29C0001DC01D /* Debug */ = {
			isa = XCBuildConfiguration;
			buildSettings = {
				ALWAYS_SEARCH_USER_PATHS = NO;
				CLANG_ANALYZER_NONNULL = YES;
				CLANG_ANALYZER_NUMBER_OBJECT_CONVERSION = YES_AGGRESSIVE;
				CLANG_CXX_LANGUAGE_STANDARD = "gnu++14";
				CLANG_CXX_LIBRARY = "libc++";
				CLANG_ENABLE_MODULES = YES;
				CLANG_ENABLE_OBJC_ARC = YES;
				CLANG_ENABLE_OBJC_WEAK = YES;
				CLANG_WARN_BLOCK_CAPTURE_AUTORELEASING = YES;
				CLANG_WARN_BOOL_CONVERSION = YES;
				CLANG_WARN_COMMA = YES;
				CLANG_WARN_CONSTANT_CONVERSION = YES;
				CLANG_WARN_DEPRECATED_OBJC_IMPLEMENTATIONS = YES;
				CLANG_WARN_DIRECT_OBJC_ISA_USAGE = YES_ERROR;
				CLANG_WARN_DOCUMENTATION_COMMENTS = YES;
				CLANG_WARN_EMPTY_BODY = YES;
				CLANG_WARN_ENUM_CONVERSION = YES;
				CLANG_WARN_INFINITE_RECURSION = YES;
				CLANG_WARN_INT_CONVERSION = YES;
				CLANG_WARN_NON_LITERAL_NULL_CONVERSION = YES;
				CLANG_WARN_OBJC_IMPLICIT_RETAIN_SELF = YES;
				CLANG_WARN_OBJC_LITERAL_CONVERSION = YES;
				CLANG_WARN_OBJC_ROOT_CLASS = YES_ERROR;
				CLANG_WARN_RANGE_LOOP_ANALYSIS = YES;
				CLANG_WARN_STRICT_PROTOTYPES = YES;
				CLANG_WARN_SUSPICIOUS_MOVE = YES;
				CLANG_WARN_UNGUARDED_AVAILABILITY = YES_AGGRESSIVE;
				CLANG_WARN_UNREACHABLE_CODE = YES;
				CLANG_WARN__DUPLICATE_METHOD_MATCH = YES;
				COPY_PHASE_STRIP = NO;
				DEBUG_INFORMATION_FORMAT = dwarf;
				ENABLE_STRICT_OBJC_MSGSEND = YES;
				ENABLE_TESTABILITY = YES;
				GCC_C_LANGUAGE_STANDARD = gnu11;
				GCC_DYNAMIC_NO_PIC = NO;
				GCC_NO_COMMON_BLOCKS = YES;
				GCC_OPTIMIZATION_LEVEL = 0;
				GCC_PREPROCESSOR_DEFINITIONS = (
					"DEBUG=1",
					"$(inherited)",
				);
				GCC_WARN_64_TO_32_BIT_CONVERSION = YES;
				GCC_WARN_ABOUT_RETURN_TYPE = YES_ERROR;
				GCC_WARN_UNDECLARED_SELECTOR = YES;
				GCC_WARN_UNINITIALIZED_AUTOS = YES_AGGRESSIVE;
				GCC_WARN_UNUSED_FUNCTION = YES;
				GCC_WARN_UNUSED_VARIABLE = YES;
				IPHONEOS_DEPLOYMENT_TARGET = 13.0;
				MTL_ENABLE_DEBUG_INFO = INCLUDE_SOURCE;
				MTL_FAST_MATH = YES;
				ONLY_ACTIVE_ARCH = YES;
				SDKROOT = iphoneos;
				SWIFT_ACTIVE_COMPILATION_CONDITIONS = DEBUG;
				SWIFT_OPTIMIZATION_LEVEL = "-Onone";
			};
			name = Debug;
		};
		C5768B7722AF29C0001DC01D /* Release */ = {
			isa = XCBuildConfiguration;
			buildSettings = {
				ALWAYS_SEARCH_USER_PATHS = NO;
				CLANG_ANALYZER_NONNULL = YES;
				CLANG_ANALYZER_NUMBER_OBJECT_CONVERSION = YES_AGGRESSIVE;
				CLANG_CXX_LANGUAGE_STANDARD = "gnu++14";
				CLANG_CXX_LIBRARY = "libc++";
				CLANG_ENABLE_MODULES = YES;
				CLANG_ENABLE_OBJC_ARC = YES;
				CLANG_ENABLE_OBJC_WEAK = YES;
				CLANG_WARN_BLOCK_CAPTURE_AUTORELEASING = YES;
				CLANG_WARN_BOOL_CONVERSION = YES;
				CLANG_WARN_COMMA = YES;
				CLANG_WARN_CONSTANT_CONVERSION = YES;
				CLANG_WARN_DEPRECATED_OBJC_IMPLEMENTATIONS = YES;
				CLANG_WARN_DIRECT_OBJC_ISA_USAGE = YES_ERROR;
				CLANG_WARN_DOCUMENTATION_COMMENTS = YES;
				CLANG_WARN_EMPTY_BODY = YES;
				CLANG_WARN_ENUM_CONVERSION = YES;
				CLANG_WARN_INFINITE_RECURSION = YES;
				CLANG_WARN_INT_CONVERSION = YES;
				CLANG_WARN_NON_LITERAL_NULL_CONVERSION = YES;
				CLANG_WARN_OBJC_IMPLICIT_RETAIN_SELF = YES;
				CLANG_WARN_OBJC_LITERAL_CONVERSION = YES;
				CLANG_WARN_OBJC_ROOT_CLASS = YES_ERROR;
				CLANG_WARN_RANGE_LOOP_ANALYSIS = YES;
				CLANG_WARN_STRICT_PROTOTYPES = YES;
				CLANG_WARN_SUSPICIOUS_MOVE = YES;
				CLANG_WARN_UNGUARDED_AVAILABILITY = YES_AGGRESSIVE;
				CLANG_WARN_UNREACHABLE_CODE = YES;
				CLANG_WARN__DUPLICATE_METHOD_MATCH = YES;
				COPY_PHASE_STRIP = NO;
				DEBUG_INFORMATION_FORMAT = "dwarf-with-dsym";
				ENABLE_NS_ASSERTIONS = NO;
				ENABLE_STRICT_OBJC_MSGSEND = YES;
				GCC_C_LANGUAGE_STANDARD = gnu11;
				GCC_NO_COMMON_BLOCKS = YES;
				GCC_WARN_64_TO_32_BIT_CONVERSION = YES;
				GCC_WARN_ABOUT_RETURN_TYPE = YES_ERROR;
				GCC_WARN_UNDECLARED_SELECTOR = YES;
				GCC_WARN_UNINITIALIZED_AUTOS = YES_AGGRESSIVE;
				GCC_WARN_UNUSED_FUNCTION = YES;
				GCC_WARN_UNUSED_VARIABLE = YES;
				IPHONEOS_DEPLOYMENT_TARGET = 13.0;
				MTL_ENABLE_DEBUG_INFO = NO;
				MTL_FAST_MATH = YES;
				SDKROOT = iphoneos;
				SWIFT_COMPILATION_MODE = wholemodule;
				SWIFT_OPTIMIZATION_LEVEL = "-O";
				VALIDATE_PRODUCT = YES;
			};
			name = Release;
		};
		C5768B7922AF29C0001DC01D /* Debug */ = {
			isa = XCBuildConfiguration;
			buildSettings = {
				ASSETCATALOG_COMPILER_APPICON_NAME = AppIcon;
				CODE_SIGN_STYLE = Automatic;
				DEVELOPMENT_ASSET_PATHS = "Weather/Preview\\ Content";
				DEVELOPMENT_TEAM = TRB6J62PGA;
				ENABLE_PREVIEWS = YES;
				INFOPLIST_FILE = Weather/Info.plist;
				LD_RUNPATH_SEARCH_PATHS = (
					"$(inherited)",
					"@executable_path/Frameworks",
				);
				PRODUCT_BUNDLE_IDENTIFIER = com.bobbyconti.Weather;
				PRODUCT_NAME = "$(TARGET_NAME)";
				SWIFT_VERSION = 5.0;
				TARGETED_DEVICE_FAMILY = "1,2";
			};
			name = Debug;
		};
		C5768B7A22AF29C0001DC01D /* Release */ = {
			isa = XCBuildConfiguration;
			buildSettings = {
				ASSETCATALOG_COMPILER_APPICON_NAME = AppIcon;
				CODE_SIGN_STYLE = Automatic;
				DEVELOPMENT_ASSET_PATHS = "Weather/Preview\\ Content";
				DEVELOPMENT_TEAM = TRB6J62PGA;
				ENABLE_PREVIEWS = YES;
				INFOPLIST_FILE = Weather/Info.plist;
				LD_RUNPATH_SEARCH_PATHS = (
					"$(inherited)",
					"@executable_path/Frameworks",
				);
				PRODUCT_BUNDLE_IDENTIFIER = com.bobbyconti.Weather;
				PRODUCT_NAME = "$(TARGET_NAME)";
				SWIFT_VERSION = 5.0;
				TARGETED_DEVICE_FAMILY = "1,2";
			};
			name = Release;
		};
/* End XCBuildConfiguration section */

/* Begin XCConfigurationList section */
		C5768B5F22AF29C0001DC01D /* Build configuration list for PBXProject "Weather" */ = {
			isa = XCConfigurationList;
			buildConfigurations = (
				C5768B7622AF29C0001DC01D /* Debug */,
				C5768B7722AF29C0001DC01D /* Release */,
			);
			defaultConfigurationIsVisible = 0;
			defaultConfigurationName = Release;
		};
		C5768B7822AF29C0001DC01D /* Build configuration list for PBXNativeTarget "Weather" */ = {
			isa = XCConfigurationList;
			buildConfigurations = (
				C5768B7922AF29C0001DC01D /* Debug */,
				C5768B7A22AF29C0001DC01D /* Release */,
			);
			defaultConfigurationIsVisible = 0;
			defaultConfigurationName = Release;
		};
/* End XCConfigurationList section */
	};
	rootObject = C5768B5C22AF29C0001DC01D /* Project object */;
}
